// !$*UTF8*$!
{
	archiveVersion = 1;
	classes = {
	};
	objectVersion = 55;
	objects = {

/* Begin PBXBuildFile section */
		F90A987F286CC54C009E391C /* MainPlayerView.swift in Sources */ = {isa = PBXBuildFile; fileRef = F90A987E286CC54C009E391C /* MainPlayerView.swift */; };
		F91C2F5A2868DEDB00D1DADE /* ConnectAPI.swift in Sources */ = {isa = PBXBuildFile; fileRef = F91C2F592868DEDB00D1DADE /* ConnectAPI.swift */; };
		F937D84F28808ED200E330F0 /* ChartModel.swift in Sources */ = {isa = PBXBuildFile; fileRef = F937D84E28808ED200E330F0 /* ChartModel.swift */; };
		F95C8B25288348130010EA2E /* PlaylistModel.swift in Sources */ = {isa = PBXBuildFile; fileRef = F95C8B24288348130010EA2E /* PlaylistModel.swift */; };
		F992712A287DE079008E8F8F /* Extension.swift in Sources */ = {isa = PBXBuildFile; fileRef = F9927129287DE079008E8F8F /* Extension.swift */; };
		F9A361772868CB5F00B6BD78 /* MusicApp.swift in Sources */ = {isa = PBXBuildFile; fileRef = F9A361762868CB5F00B6BD78 /* MusicApp.swift */; };
		F9A361792868CB5F00B6BD78 /* ContentView.swift in Sources */ = {isa = PBXBuildFile; fileRef = F9A361782868CB5F00B6BD78 /* ContentView.swift */; };
		F9A3617B2868CB5F00B6BD78 /* Assets.xcassets in Resources */ = {isa = PBXBuildFile; fileRef = F9A3617A2868CB5F00B6BD78 /* Assets.xcassets */; };
		F9A3617E2868CB5F00B6BD78 /* Preview Assets.xcassets in Resources */ = {isa = PBXBuildFile; fileRef = F9A3617D2868CB5F00B6BD78 /* Preview Assets.xcassets */; };
		F9A361882868CB6000B6BD78 /* MusicTests.swift in Sources */ = {isa = PBXBuildFile; fileRef = F9A361872868CB6000B6BD78 /* MusicTests.swift */; };
		F9A361922868CB6000B6BD78 /* MusicUITests.swift in Sources */ = {isa = PBXBuildFile; fileRef = F9A361912868CB6000B6BD78 /* MusicUITests.swift */; };
		F9A361942868CB6000B6BD78 /* MusicUITestsLaunchTests.swift in Sources */ = {isa = PBXBuildFile; fileRef = F9A361932868CB6000B6BD78 /* MusicUITestsLaunchTests.swift */; };
		F9E00D4F28760C2200573706 /* CatalogModel.swift in Sources */ = {isa = PBXBuildFile; fileRef = F9E00D4E28760C2200573706 /* CatalogModel.swift */; };
		F9F8C66528840CEE009A38FA /* Genres.swift in Sources */ = {isa = PBXBuildFile; fileRef = F9F8C66428840CEE009A38FA /* Genres.swift */; };
/* End PBXBuildFile section */

/* Begin PBXContainerItemProxy section */
		F9A361842868CB6000B6BD78 /* PBXContainerItemProxy */ = {
			isa = PBXContainerItemProxy;
			containerPortal = F9A3616B2868CB5F00B6BD78 /* Project object */;
			proxyType = 1;
			remoteGlobalIDString = F9A361722868CB5F00B6BD78;
			remoteInfo = Music;
		};
		F9A3618E2868CB6000B6BD78 /* PBXContainerItemProxy */ = {
			isa = PBXContainerItemProxy;
			containerPortal = F9A3616B2868CB5F00B6BD78 /* Project object */;
			proxyType = 1;
			remoteGlobalIDString = F9A361722868CB5F00B6BD78;
			remoteInfo = Music;
		};
/* End PBXContainerItemProxy section */

/* Begin PBXFileReference section */
		F90A987E286CC54C009E391C /* MainPlayerView.swift */ = {isa = PBXFileReference; lastKnownFileType = sourcecode.swift; path = MainPlayerView.swift; sourceTree = "<group>"; };
		F91C2F592868DEDB00D1DADE /* ConnectAPI.swift */ = {isa = PBXFileReference; lastKnownFileType = sourcecode.swift; path = ConnectAPI.swift; sourceTree = "<group>"; };
		F937D84E28808ED200E330F0 /* ChartModel.swift */ = {isa = PBXFileReference; lastKnownFileType = sourcecode.swift; path = ChartModel.swift; sourceTree = "<group>"; };
		F95C8B24288348130010EA2E /* PlaylistModel.swift */ = {isa = PBXFileReference; lastKnownFileType = sourcecode.swift; path = PlaylistModel.swift; sourceTree = "<group>"; };
		F9927129287DE079008E8F8F /* Extension.swift */ = {isa = PBXFileReference; lastKnownFileType = sourcecode.swift; path = Extension.swift; sourceTree = "<group>"; };
		F9A361732868CB5F00B6BD78 /* CIME.app */ = {isa = PBXFileReference; explicitFileType = wrapper.application; includeInIndex = 0; path = CIME.app; sourceTree = BUILT_PRODUCTS_DIR; };
		F9A361762868CB5F00B6BD78 /* MusicApp.swift */ = {isa = PBXFileReference; lastKnownFileType = sourcecode.swift; path = MusicApp.swift; sourceTree = "<group>"; };
		F9A361782868CB5F00B6BD78 /* ContentView.swift */ = {isa = PBXFileReference; lastKnownFileType = sourcecode.swift; path = ContentView.swift; sourceTree = "<group>"; };
		F9A3617A2868CB5F00B6BD78 /* Assets.xcassets */ = {isa = PBXFileReference; lastKnownFileType = folder.assetcatalog; path = Assets.xcassets; sourceTree = "<group>"; };
		F9A3617D2868CB5F00B6BD78 /* Preview Assets.xcassets */ = {isa = PBXFileReference; lastKnownFileType = folder.assetcatalog; path = "Preview Assets.xcassets"; sourceTree = "<group>"; };
		F9A361832868CB6000B6BD78 /* MusicTests.xctest */ = {isa = PBXFileReference; explicitFileType = wrapper.cfbundle; includeInIndex = 0; path = MusicTests.xctest; sourceTree = BUILT_PRODUCTS_DIR; };
		F9A361872868CB6000B6BD78 /* MusicTests.swift */ = {isa = PBXFileReference; lastKnownFileType = sourcecode.swift; path = MusicTests.swift; sourceTree = "<group>"; };
		F9A3618D2868CB6000B6BD78 /* MusicUITests.xctest */ = {isa = PBXFileReference; explicitFileType = wrapper.cfbundle; includeInIndex = 0; path = MusicUITests.xctest; sourceTree = BUILT_PRODUCTS_DIR; };
		F9A361912868CB6000B6BD78 /* MusicUITests.swift */ = {isa = PBXFileReference; lastKnownFileType = sourcecode.swift; path = MusicUITests.swift; sourceTree = "<group>"; };
		F9A361932868CB6000B6BD78 /* MusicUITestsLaunchTests.swift */ = {isa = PBXFileReference; lastKnownFileType = sourcecode.swift; path = MusicUITestsLaunchTests.swift; sourceTree = "<group>"; };
		F9E00D4E28760C2200573706 /* CatalogModel.swift */ = {isa = PBXFileReference; lastKnownFileType = sourcecode.swift; path = CatalogModel.swift; sourceTree = "<group>"; };
		F9F8C66428840CEE009A38FA /* Genres.swift */ = {isa = PBXFileReference; lastKnownFileType = sourcecode.swift; path = Genres.swift; sourceTree = "<group>"; };
/* End PBXFileReference section */

/* Begin PBXFrameworksBuildPhase section */
		F9A361702868CB5F00B6BD78 /* Frameworks */ = {
			isa = PBXFrameworksBuildPhase;
			buildActionMask = 2147483647;
			files = (
			);
			runOnlyForDeploymentPostprocessing = 0;
		};
		F9A361802868CB6000B6BD78 /* Frameworks */ = {
			isa = PBXFrameworksBuildPhase;
			buildActionMask = 2147483647;
			files = (
			);
			runOnlyForDeploymentPostprocessing = 0;
		};
		F9A3618A2868CB6000B6BD78 /* Frameworks */ = {
			isa = PBXFrameworksBuildPhase;
			buildActionMask = 2147483647;
			files = (
			);
			runOnlyForDeploymentPostprocessing = 0;
		};
/* End PBXFrameworksBuildPhase section */

/* Begin PBXGroup section */
		F9A3616A2868CB5F00B6BD78 = {
			isa = PBXGroup;
			children = (
				F9A361752868CB5F00B6BD78 /* Music */,
				F9A361862868CB6000B6BD78 /* MusicTests */,
				F9A361902868CB6000B6BD78 /* MusicUITests */,
				F9A361742868CB5F00B6BD78 /* Products */,
			);
			sourceTree = "<group>";
		};
		F9A361742868CB5F00B6BD78 /* Products */ = {
			isa = PBXGroup;
			children = (
				F9A361732868CB5F00B6BD78 /* CIME.app */,
				F9A361832868CB6000B6BD78 /* MusicTests.xctest */,
				F9A3618D2868CB6000B6BD78 /* MusicUITests.xctest */,
			);
			name = Products;
			sourceTree = "<group>";
		};
		F9A361752868CB5F00B6BD78 /* Music */ = {
			isa = PBXGroup;
			children = (
				F9A361762868CB5F00B6BD78 /* MusicApp.swift */,
				F9A361782868CB5F00B6BD78 /* ContentView.swift */,
				F90A987E286CC54C009E391C /* MainPlayerView.swift */,
				F91C2F592868DEDB00D1DADE /* ConnectAPI.swift */,
				F9927129287DE079008E8F8F /* Extension.swift */,
				F9E00D4E28760C2200573706 /* CatalogModel.swift */,
				F937D84E28808ED200E330F0 /* ChartModel.swift */,
				F95C8B24288348130010EA2E /* PlaylistModel.swift */,
				F9F8C66428840CEE009A38FA /* Genres.swift */,
				F9A3617A2868CB5F00B6BD78 /* Assets.xcassets */,
				F9A3617C2868CB5F00B6BD78 /* Preview Content */,
			);
			path = Music;
			sourceTree = "<group>";
		};
		F9A3617C2868CB5F00B6BD78 /* Preview Content */ = {
			isa = PBXGroup;
			children = (
				F9A3617D2868CB5F00B6BD78 /* Preview Assets.xcassets */,
			);
			path = "Preview Content";
			sourceTree = "<group>";
		};
		F9A361862868CB6000B6BD78 /* MusicTests */ = {
			isa = PBXGroup;
			children = (
				F9A361872868CB6000B6BD78 /* MusicTests.swift */,
			);
			path = MusicTests;
			sourceTree = "<group>";
		};
		F9A361902868CB6000B6BD78 /* MusicUITests */ = {
			isa = PBXGroup;
			children = (
				F9A361912868CB6000B6BD78 /* MusicUITests.swift */,
				F9A361932868CB6000B6BD78 /* MusicUITestsLaunchTests.swift */,
			);
			path = MusicUITests;
			sourceTree = "<group>";
		};
/* End PBXGroup section */

/* Begin PBXNativeTarget section */
		F9A361722868CB5F00B6BD78 /* Music */ = {
			isa = PBXNativeTarget;
			buildConfigurationList = F9A361972868CB6000B6BD78 /* Build configuration list for PBXNativeTarget "Music" */;
			buildPhases = (
				F9A3616F2868CB5F00B6BD78 /* Sources */,
				F9A361702868CB5F00B6BD78 /* Frameworks */,
				F9A361712868CB5F00B6BD78 /* Resources */,
			);
			buildRules = (
			);
			dependencies = (
			);
			name = Music;
			productName = Music;
			productReference = F9A361732868CB5F00B6BD78 /* CIME.app */;
			productType = "com.apple.product-type.application";
		};
		F9A361822868CB6000B6BD78 /* MusicTests */ = {
			isa = PBXNativeTarget;
			buildConfigurationList = F9A3619A2868CB6000B6BD78 /* Build configuration list for PBXNativeTarget "MusicTests" */;
			buildPhases = (
				F9A3617F2868CB6000B6BD78 /* Sources */,
				F9A361802868CB6000B6BD78 /* Frameworks */,
				F9A361812868CB6000B6BD78 /* Resources */,
			);
			buildRules = (
			);
			dependencies = (
				F9A361852868CB6000B6BD78 /* PBXTargetDependency */,
			);
			name = MusicTests;
			productName = MusicTests;
			productReference = F9A361832868CB6000B6BD78 /* MusicTests.xctest */;
			productType = "com.apple.product-type.bundle.unit-test";
		};
		F9A3618C2868CB6000B6BD78 /* MusicUITests */ = {
			isa = PBXNativeTarget;
			buildConfigurationList = F9A3619D2868CB6000B6BD78 /* Build configuration list for PBXNativeTarget "MusicUITests" */;
			buildPhases = (
				F9A361892868CB6000B6BD78 /* Sources */,
				F9A3618A2868CB6000B6BD78 /* Frameworks */,
				F9A3618B2868CB6000B6BD78 /* Resources */,
			);
			buildRules = (
			);
			dependencies = (
				F9A3618F2868CB6000B6BD78 /* PBXTargetDependency */,
			);
			name = MusicUITests;
			productName = MusicUITests;
			productReference = F9A3618D2868CB6000B6BD78 /* MusicUITests.xctest */;
			productType = "com.apple.product-type.bundle.ui-testing";
		};
/* End PBXNativeTarget section */

/* Begin PBXProject section */
		F9A3616B2868CB5F00B6BD78 /* Project object */ = {
			isa = PBXProject;
			attributes = {
				BuildIndependentTargetsInParallel = 1;
				LastSwiftUpdateCheck = 1340;
				LastUpgradeCheck = 1340;
				TargetAttributes = {
					F9A361722868CB5F00B6BD78 = {
						CreatedOnToolsVersion = 13.4.1;
					};
					F9A361822868CB6000B6BD78 = {
						CreatedOnToolsVersion = 13.4.1;
						TestTargetID = F9A361722868CB5F00B6BD78;
					};
					F9A3618C2868CB6000B6BD78 = {
						CreatedOnToolsVersion = 13.4.1;
						TestTargetID = F9A361722868CB5F00B6BD78;
					};
				};
			};
			buildConfigurationList = F9A3616E2868CB5F00B6BD78 /* Build configuration list for PBXProject "Music" */;
			compatibilityVersion = "Xcode 13.0";
			developmentRegion = en;
			hasScannedForEncodings = 0;
			knownRegions = (
				en,
				Base,
			);
			mainGroup = F9A3616A2868CB5F00B6BD78;
			productRefGroup = F9A361742868CB5F00B6BD78 /* Products */;
			projectDirPath = "";
			projectRoot = "";
			targets = (
				F9A361722868CB5F00B6BD78 /* Music */,
				F9A361822868CB6000B6BD78 /* MusicTests */,
				F9A3618C2868CB6000B6BD78 /* MusicUITests */,
			);
		};
/* End PBXProject section */

/* Begin PBXResourcesBuildPhase section */
		F9A361712868CB5F00B6BD78 /* Resources */ = {
			isa = PBXResourcesBuildPhase;
			buildActionMask = 2147483647;
			files = (
				F9A3617E2868CB5F00B6BD78 /* Preview Assets.xcassets in Resources */,
				F9A3617B2868CB5F00B6BD78 /* Assets.xcassets in Resources */,
			);
			runOnlyForDeploymentPostprocessing = 0;
		};
		F9A361812868CB6000B6BD78 /* Resources */ = {
			isa = PBXResourcesBuildPhase;
			buildActionMask = 2147483647;
			files = (
			);
			runOnlyForDeploymentPostprocessing = 0;
		};
		F9A3618B2868CB6000B6BD78 /* Resources */ = {
			isa = PBXResourcesBuildPhase;
			buildActionMask = 2147483647;
			files = (
			);
			runOnlyForDeploymentPostprocessing = 0;
		};
/* End PBXResourcesBuildPhase section */

/* Begin PBXSourcesBuildPhase section */
		F9A3616F2868CB5F00B6BD78 /* Sources */ = {
			isa = PBXSourcesBuildPhase;
			buildActionMask = 2147483647;
			files = (
				F9F8C66528840CEE009A38FA /* Genres.swift in Sources */,
				F90A987F286CC54C009E391C /* MainPlayerView.swift in Sources */,
				F95C8B25288348130010EA2E /* PlaylistModel.swift in Sources */,
				F9A361792868CB5F00B6BD78 /* ContentView.swift in Sources */,
				F91C2F5A2868DEDB00D1DADE /* ConnectAPI.swift in Sources */,
				F937D84F28808ED200E330F0 /* ChartModel.swift in Sources */,
				F992712A287DE079008E8F8F /* Extension.swift in Sources */,
				F9A361772868CB5F00B6BD78 /* MusicApp.swift in Sources */,
				F9E00D4F28760C2200573706 /* CatalogModel.swift in Sources */,
			);
			runOnlyForDeploymentPostprocessing = 0;
		};
		F9A3617F2868CB6000B6BD78 /* Sources */ = {
			isa = PBXSourcesBuildPhase;
			buildActionMask = 2147483647;
			files = (
				F9A361882868CB6000B6BD78 /* MusicTests.swift in Sources */,
			);
			runOnlyForDeploymentPostprocessing = 0;
		};
		F9A361892868CB6000B6BD78 /* Sources */ = {
			isa = PBXSourcesBuildPhase;
			buildActionMask = 2147483647;
			files = (
				F9A361942868CB6000B6BD78 /* MusicUITestsLaunchTests.swift in Sources */,
				F9A361922868CB6000B6BD78 /* MusicUITests.swift in Sources */,
			);
			runOnlyForDeploymentPostprocessing = 0;
		};
/* End PBXSourcesBuildPhase section */

/* Begin PBXTargetDependency section */
		F9A361852868CB6000B6BD78 /* PBXTargetDependency */ = {
			isa = PBXTargetDependency;
			target = F9A361722868CB5F00B6BD78 /* Music */;
			targetProxy = F9A361842868CB6000B6BD78 /* PBXContainerItemProxy */;
		};
		F9A3618F2868CB6000B6BD78 /* PBXTargetDependency */ = {
			isa = PBXTargetDependency;
			target = F9A361722868CB5F00B6BD78 /* Music */;
			targetProxy = F9A3618E2868CB6000B6BD78 /* PBXContainerItemProxy */;
		};
/* End PBXTargetDependency section */

/* Begin XCBuildConfiguration section */
		F9A361952868CB6000B6BD78 /* Debug */ = {
			isa = XCBuildConfiguration;
			buildSettings = {
				ALWAYS_SEARCH_USER_PATHS = NO;
				CLANG_ANALYZER_NONNULL = YES;
				CLANG_ANALYZER_NUMBER_OBJECT_CONVERSION = YES_AGGRESSIVE;
				CLANG_CXX_LANGUAGE_STANDARD = "gnu++17";
				CLANG_ENABLE_MODULES = YES;
				CLANG_ENABLE_OBJC_ARC = YES;
				CLANG_ENABLE_OBJC_WEAK = YES;
				CLANG_WARN_BLOCK_CAPTURE_AUTORELEASING = YES;
				CLANG_WARN_BOOL_CONVERSION = YES;
				CLANG_WARN_COMMA = YES;
				CLANG_WARN_CONSTANT_CONVERSION = YES;
				CLANG_WARN_DEPRECATED_OBJC_IMPLEMENTATIONS = YES;
				CLANG_WARN_DIRECT_OBJC_ISA_USAGE = YES_ERROR;
				CLANG_WARN_DOCUMENTATION_COMMENTS = YES;
				CLANG_WARN_EMPTY_BODY = YES;
				CLANG_WARN_ENUM_CONVERSION = YES;
				CLANG_WARN_INFINITE_RECURSION = YES;
				CLANG_WARN_INT_CONVERSION = YES;
				CLANG_WARN_NON_LITERAL_NULL_CONVERSION = YES;
				CLANG_WARN_OBJC_IMPLICIT_RETAIN_SELF = YES;
				CLANG_WARN_OBJC_LITERAL_CONVERSION = YES;
				CLANG_WARN_OBJC_ROOT_CLASS = YES_ERROR;
				CLANG_WARN_QUOTED_INCLUDE_IN_FRAMEWORK_HEADER = YES;
				CLANG_WARN_RANGE_LOOP_ANALYSIS = YES;
				CLANG_WARN_STRICT_PROTOTYPES = YES;
				CLANG_WARN_SUSPICIOUS_MOVE = YES;
				CLANG_WARN_UNGUARDED_AVAILABILITY = YES_AGGRESSIVE;
				CLANG_WARN_UNREACHABLE_CODE = YES;
				CLANG_WARN__DUPLICATE_METHOD_MATCH = YES;
				COPY_PHASE_STRIP = NO;
				DEBUG_INFORMATION_FORMAT = dwarf;
				ENABLE_STRICT_OBJC_MSGSEND = YES;
				ENABLE_TESTABILITY = YES;
				GCC_C_LANGUAGE_STANDARD = gnu11;
				GCC_DYNAMIC_NO_PIC = NO;
				GCC_NO_COMMON_BLOCKS = YES;
				GCC_OPTIMIZATION_LEVEL = 0;
				GCC_PREPROCESSOR_DEFINITIONS = (
					"DEBUG=1",
					"$(inherited)",
				);
				GCC_WARN_64_TO_32_BIT_CONVERSION = YES;
				GCC_WARN_ABOUT_RETURN_TYPE = YES_ERROR;
				GCC_WARN_UNDECLARED_SELECTOR = YES;
				GCC_WARN_UNINITIALIZED_AUTOS = YES_AGGRESSIVE;
				GCC_WARN_UNUSED_FUNCTION = YES;
				GCC_WARN_UNUSED_VARIABLE = YES;
				IPHONEOS_DEPLOYMENT_TARGET = 15.5;
				MTL_ENABLE_DEBUG_INFO = INCLUDE_SOURCE;
				MTL_FAST_MATH = YES;
				ONLY_ACTIVE_ARCH = YES;
				SDKROOT = iphoneos;
				SWIFT_ACTIVE_COMPILATION_CONDITIONS = DEBUG;
				SWIFT_OPTIMIZATION_LEVEL = "-Onone";
			};
			name = Debug;
		};
		F9A361962868CB6000B6BD78 /* Release */ = {
			isa = XCBuildConfiguration;
			buildSettings = {
				ALWAYS_SEARCH_USER_PATHS = NO;
				CLANG_ANALYZER_NONNULL = YES;
				CLANG_ANALYZER_NUMBER_OBJECT_CONVERSION = YES_AGGRESSIVE;
				CLANG_CXX_LANGUAGE_STANDARD = "gnu++17";
				CLANG_ENABLE_MODULES = YES;
				CLANG_ENABLE_OBJC_ARC = YES;
				CLANG_ENABLE_OBJC_WEAK = YES;
				CLANG_WARN_BLOCK_CAPTURE_AUTORELEASING = YES;
				CLANG_WARN_BOOL_CONVERSION = YES;
				CLANG_WARN_COMMA = YES;
				CLANG_WARN_CONSTANT_CONVERSION = YES;
				CLANG_WARN_DEPRECATED_OBJC_IMPLEMENTATIONS = YES;
				CLANG_WARN_DIRECT_OBJC_ISA_USAGE = YES_ERROR;
				CLANG_WARN_DOCUMENTATION_COMMENTS = YES;
				CLANG_WARN_EMPTY_BODY = YES;
				CLANG_WARN_ENUM_CONVERSION = YES;
				CLANG_WARN_INFINITE_RECURSION = YES;
				CLANG_WARN_INT_CONVERSION = YES;
				CLANG_WARN_NON_LITERAL_NULL_CONVERSION = YES;
				CLANG_WARN_OBJC_IMPLICIT_RETAIN_SELF = YES;
				CLANG_WARN_OBJC_LITERAL_CONVERSION = YES;
				CLANG_WARN_OBJC_ROOT_CLASS = YES_ERROR;
				CLANG_WARN_QUOTED_INCLUDE_IN_FRAMEWORK_HEADER = YES;
				CLANG_WARN_RANGE_LOOP_ANALYSIS = YES;
				CLANG_WARN_STRICT_PROTOTYPES = YES;
				CLANG_WARN_SUSPICIOUS_MOVE = YES;
				CLANG_WARN_UNGUARDED_AVAILABILITY = YES_AGGRESSIVE;
				CLANG_WARN_UNREACHABLE_CODE = YES;
				CLANG_WARN__DUPLICATE_METHOD_MATCH = YES;
				COPY_PHASE_STRIP = NO;
				DEBUG_INFORMATION_FORMAT = "dwarf-with-dsym";
				ENABLE_NS_ASSERTIONS = NO;
				ENABLE_STRICT_OBJC_MSGSEND = YES;
				GCC_C_LANGUAGE_STANDARD = gnu11;
				GCC_NO_COMMON_BLOCKS = YES;
				GCC_WARN_64_TO_32_BIT_CONVERSION = YES;
				GCC_WARN_ABOUT_RETURN_TYPE = YES_ERROR;
				GCC_WARN_UNDECLARED_SELECTOR = YES;
				GCC_WARN_UNINITIALIZED_AUTOS = YES_AGGRESSIVE;
				GCC_WARN_UNUSED_FUNCTION = YES;
				GCC_WARN_UNUSED_VARIABLE = YES;
				IPHONEOS_DEPLOYMENT_TARGET = 15.5;
				MTL_ENABLE_DEBUG_INFO = NO;
				MTL_FAST_MATH = YES;
				SDKROOT = iphoneos;
				SWIFT_COMPILATION_MODE = wholemodule;
				SWIFT_OPTIMIZATION_LEVEL = "-O";
				VALIDATE_PRODUCT = YES;
			};
			name = Release;
		};
		F9A361982868CB6000B6BD78 /* Debug */ = {
			isa = XCBuildConfiguration;
			buildSettings = {
				ASSETCATALOG_COMPILER_APPICON_NAME = AppIcon;
				ASSETCATALOG_COMPILER_GLOBAL_ACCENT_COLOR_NAME = AccentColor;
				CODE_SIGN_STYLE = Automatic;
				CURRENT_PROJECT_VERSION = 1;
				DEVELOPMENT_ASSET_PATHS = "\"Music/Preview Content\"";
				DEVELOPMENT_TEAM = 978PK4NZFL;
				ENABLE_PREVIEWS = YES;
				GENERATE_INFOPLIST_FILE = YES;
				INFOPLIST_KEY_NSAppleMusicUsageDescription = "The app need to improve workout";
				INFOPLIST_KEY_UIApplicationSceneManifest_Generation = YES;
				INFOPLIST_KEY_UIApplicationSupportsIndirectInputEvents = YES;
				INFOPLIST_KEY_UILaunchScreen_Generation = YES;
				INFOPLIST_KEY_UISupportedInterfaceOrientations_iPad = "UIInterfaceOrientationPortrait UIInterfaceOrientationPortraitUpsideDown UIInterfaceOrientationLandscapeLeft UIInterfaceOrientationLandscapeRight";
				INFOPLIST_KEY_UISupportedInterfaceOrientations_iPhone = "UIInterfaceOrientationPortrait UIInterfaceOrientationLandscapeLeft UIInterfaceOrientationLandscapeRight";
				LD_RUNPATH_SEARCH_PATHS = (
					"$(inherited)",
					"@executable_path/Frameworks",
				);
				MARKETING_VERSION = 1.0;
				PRODUCT_BUNDLE_IDENTIFIER = vn.wee.musickit;
				PRODUCT_NAME = CIME;
				SWIFT_EMIT_LOC_STRINGS = YES;
				SWIFT_VERSION = 5.0;
				TARGETED_DEVICE_FAMILY = 1;
			};
			name = Debug;
		};
		F9A361992868CB6000B6BD78 /* Release */ = {
			isa = XCBuildConfiguration;
			buildSettings = {
				ASSETCATALOG_COMPILER_APPICON_NAME = AppIcon;
				ASSETCATALOG_COMPILER_GLOBAL_ACCENT_COLOR_NAME = AccentColor;
				CODE_SIGN_STYLE = Automatic;
				CURRENT_PROJECT_VERSION = 1;
				DEVELOPMENT_ASSET_PATHS = "\"Music/Preview Content\"";
				DEVELOPMENT_TEAM = 978PK4NZFL;
				ENABLE_PREVIEWS = YES;
				GENERATE_INFOPLIST_FILE = YES;
				INFOPLIST_KEY_NSAppleMusicUsageDescription = "The app need to improve workout";
				INFOPLIST_KEY_UIApplicationSceneManifest_Generation = YES;
				INFOPLIST_KEY_UIApplicationSupportsIndirectInputEvents = YES;
				INFOPLIST_KEY_UILaunchScreen_Generation = YES;
				INFOPLIST_KEY_UISupportedInterfaceOrientations_iPad = "UIInterfaceOrientationPortrait UIInterfaceOrientationPortraitUpsideDown UIInterfaceOrientationLandscapeLeft UIInterfaceOrientationLandscapeRight";
				INFOPLIST_KEY_UISupportedInterfaceOrientations_iPhone = "UIInterfaceOrientationPortrait UIInterfaceOrientationLandscapeLeft UIInterfaceOrientationLandscapeRight";
				LD_RUNPATH_SEARCH_PATHS = (
					"$(inherited)",
					"@executable_path/Frameworks",
				);
				MARKETING_VERSION = 1.0;
				PRODUCT_BUNDLE_IDENTIFIER = vn.wee.musickit;
				PRODUCT_NAME = CIME;
				SWIFT_EMIT_LOC_STRINGS = YES;
				SWIFT_VERSION = 5.0;
				TARGETED_DEVICE_FAMILY = 1;
			};
			name = Release;
		};
		F9A3619B2868CB6000B6BD78 /* Debug */ = {
			isa = XCBuildConfiguration;
			buildSettings = {
				ALWAYS_EMBED_SWIFT_STANDARD_LIBRARIES = YES;
				BUNDLE_LOADER = "$(TEST_HOST)";
				CODE_SIGN_STYLE = Automatic;
				CURRENT_PROJECT_VERSION = 1;
				DEVELOPMENT_TEAM = 978PK4NZFL;
				GENERATE_INFOPLIST_FILE = YES;
				IPHONEOS_DEPLOYMENT_TARGET = 15.5;
				MARKETING_VERSION = 1.0;
				PRODUCT_BUNDLE_IDENTIFIER = vn.wee.MusicTests;
				PRODUCT_NAME = "$(TARGET_NAME)";
				SWIFT_EMIT_LOC_STRINGS = NO;
				SWIFT_VERSION = 5.0;
				TARGETED_DEVICE_FAMILY = "1,2";
				TEST_HOST = "$(BUILT_PRODUCTS_DIR)/Music.app/Music";
			};
			name = Debug;
		};
		F9A3619C2868CB6000B6BD78 /* Release */ = {
			isa = XCBuildConfiguration;
			buildSettings = {
				ALWAYS_EMBED_SWIFT_STANDARD_LIBRARIES = YES;
				BUNDLE_LOADER = "$(TEST_HOST)";
				CODE_SIGN_STYLE = Automatic;
				CURRENT_PROJECT_VERSION = 1;
				DEVELOPMENT_TEAM = 978PK4NZFL;
				GENERATE_INFOPLIST_FILE = YES;
				IPHONEOS_DEPLOYMENT_TARGET = 15.5;
				MARKETING_VERSION = 1.0;
				PRODUCT_BUNDLE_IDENTIFIER = vn.wee.MusicTests;
				PRODUCT_NAME = "$(TARGET_NAME)";
				SWIFT_EMIT_LOC_STRINGS = NO;
				SWIFT_VERSION = 5.0;
				TARGETED_DEVICE_FAMILY = "1,2";
				TEST_HOST = "$(BUILT_PRODUCTS_DIR)/Music.app/Music";
			};
			name = Release;
		};
		F9A3619E2868CB6000B6BD78 /* Debug */ = {
			isa = XCBuildConfiguration;
			buildSettings = {
				ALWAYS_EMBED_SWIFT_STANDARD_LIBRARIES = YES;
				CODE_SIGN_STYLE = Automatic;
				CURRENT_PROJECT_VERSION = 1;
				DEVELOPMENT_TEAM = 978PK4NZFL;
				GENERATE_INFOPLIST_FILE = YES;
				MARKETING_VERSION = 1.0;
				PRODUCT_BUNDLE_IDENTIFIER = vn.wee.MusicUITests;
				PRODUCT_NAME = "$(TARGET_NAME)";
				SWIFT_EMIT_LOC_STRINGS = NO;
				SWIFT_VERSION = 5.0;
				TARGETED_DEVICE_FAMILY = "1,2";
				TEST_TARGET_NAME = Music;
			};
			name = Debug;
		};
		F9A3619F2868CB6000B6BD78 /* Release */ = {
			isa = XCBuildConfiguration;
			buildSettings = {
				ALWAYS_EMBED_SWIFT_STANDARD_LIBRARIES = YES;
				CODE_SIGN_STYLE = Automatic;
				CURRENT_PROJECT_VERSION = 1;
				DEVELOPMENT_TEAM = 978PK4NZFL;
				GENERATE_INFOPLIST_FILE = YES;
				MARKETING_VERSION = 1.0;
				PRODUCT_BUNDLE_IDENTIFIER = vn.wee.MusicUITests;
				PRODUCT_NAME = "$(TARGET_NAME)";
				SWIFT_EMIT_LOC_STRINGS = NO;
				SWIFT_VERSION = 5.0;
				TARGETED_DEVICE_FAMILY = "1,2";
				TEST_TARGET_NAME = Music;
			};
			name = Release;
		};
/* End XCBuildConfiguration section */

/* Begin XCConfigurationList section */
		F9A3616E2868CB5F00B6BD78 /* Build configuration list for PBXProject "Music" */ = {
			isa = XCConfigurationList;
			buildConfigurations = (
				F9A361952868CB6000B6BD78 /* Debug */,
				F9A361962868CB6000B6BD78 /* Release */,
			);
			defaultConfigurationIsVisible = 0;
			defaultConfigurationName = Release;
		};
		F9A361972868CB6000B6BD78 /* Build configuration list for PBXNativeTarget "Music" */ = {
			isa = XCConfigurationList;
			buildConfigurations = (
				F9A361982868CB6000B6BD78 /* Debug */,
				F9A361992868CB6000B6BD78 /* Release */,
			);
			defaultConfigurationIsVisible = 0;
			defaultConfigurationName = Release;
		};
		F9A3619A2868CB6000B6BD78 /* Build configuration list for PBXNativeTarget "MusicTests" */ = {
			isa = XCConfigurationList;
			buildConfigurations = (
				F9A3619B2868CB6000B6BD78 /* Debug */,
				F9A3619C2868CB6000B6BD78 /* Release */,
			);
			defaultConfigurationIsVisible = 0;
			defaultConfigurationName = Release;
		};
		F9A3619D2868CB6000B6BD78 /* Build configuration list for PBXNativeTarget "MusicUITests" */ = {
			isa = XCConfigurationList;
			buildConfigurations = (
				F9A3619E2868CB6000B6BD78 /* Debug */,
				F9A3619F2868CB6000B6BD78 /* Release */,
			);
			defaultConfigurationIsVisible = 0;
			defaultConfigurationName = Release;
		};
/* End XCConfigurationList section */
	};
	rootObject = F9A3616B2868CB5F00B6BD78 /* Project object */;
}
